
Microsoft Visual Studio Solution File, Format Version 12.00
# Visual Studio Version 17
VisualStudioVersion = 17.3.32922.545
MinimumVisualStudioVersion = 10.0.40219.1
Project("{FAE04EC0-301F-11D3-BF4B-00C04F79EFBC}") = "Final Project 1", "Final Project 1\Final Project 1.csproj", "{764FFF12-6661-46E5-BB9B-2BE9D7CFC70B}"
EndProject
Global
	GlobalSection(SolutionConfigurationPlatforms) = preSolution
		Debug|Any CPU = Debug|Any CPU
		Release|Any CPU = Release|Any CPU
	EndGlobalSection
	GlobalSection(ProjectConfigurationPlatforms) = postSolution
		{764FFF12-6661-46E5-BB9B-2BE9D7CFC70B}.Debug|Any CPU.ActiveCfg = Debug|Any CPU
		{764FFF12-6661-46E5-BB9B-2BE9D7CFC70B}.Debug|Any CPU.Build.0 = Debug|Any CPU
		{764FFF12-6661-46E5-BB9B-2BE9D7CFC70B}.Release|Any CPU.ActiveCfg = Release|Any CPU
		{764FFF12-6661-46E5-BB9B-2BE9D7CFC70B}.Release|Any CPU.Build.0 = Release|Any CPU
	EndGlobalSection
	GlobalSection(SolutionProperties) = preSolution
		HideSolutionNode = FALSE
	EndGlobalSection
	GlobalSection(ExtensibilityGlobals) = postSolution
		SolutionGuid = {23DAA383-6C76-42D1-AA26-80E57E5A5F75}
	EndGlobalSection
EndGlobal
